
Microsoft Visual Studio Solution File, Format Version 12.00
# Visual Studio Version 16
VisualStudioVersion = 16.0.29102.190
MinimumVisualStudioVersion = 10.0.40219.1
Project("{9A19103F-16F7-4668-BE54-9A1E7A4F7556}") = "Projekt.Service", "Projekt.Service\Projekt.Service.csproj", "{B2E9982E-6706-4C88-84D3-EE61A2EF70E2}"
EndProject
Project("{9A19103F-16F7-4668-BE54-9A1E7A4F7556}") = "Projekt.MVC", "Projekt.MVC\Projekt.MVC.csproj", "{A5B0EDAF-CED6-4C26-B6E0-38984B156D4E}"
EndProject
Project("{9A19103F-16F7-4668-BE54-9A1E7A4F7556}") = "Projekt.Models", "Projekt.Models\Projekt.Models.csproj", "{59784994-2BE9-42B2-9647-F8AAD20AB1A1}"
EndProject
Global
	GlobalSection(SolutionConfigurationPlatforms) = preSolution
		Debug|Any CPU = Debug|Any CPU
		Release|Any CPU = Release|Any CPU
	EndGlobalSection
	GlobalSection(ProjectConfigurationPlatforms) = postSolution
		{B2E9982E-6706-4C88-84D3-EE61A2EF70E2}.Debug|Any CPU.ActiveCfg = Debug|Any CPU
		{B2E9982E-6706-4C88-84D3-EE61A2EF70E2}.Debug|Any CPU.Build.0 = Debug|Any CPU
		{B2E9982E-6706-4C88-84D3-EE61A2EF70E2}.Release|Any CPU.ActiveCfg = Release|Any CPU
		{B2E9982E-6706-4C88-84D3-EE61A2EF70E2}.Release|Any CPU.Build.0 = Release|Any CPU
		{A5B0EDAF-CED6-4C26-B6E0-38984B156D4E}.Debug|Any CPU.ActiveCfg = Debug|Any CPU
		{A5B0EDAF-CED6-4C26-B6E0-38984B156D4E}.Debug|Any CPU.Build.0 = Debug|Any CPU
		{A5B0EDAF-CED6-4C26-B6E0-38984B156D4E}.Release|Any CPU.ActiveCfg = Release|Any CPU
		{A5B0EDAF-CED6-4C26-B6E0-38984B156D4E}.Release|Any CPU.Build.0 = Release|Any CPU
		{59784994-2BE9-42B2-9647-F8AAD20AB1A1}.Debug|Any CPU.ActiveCfg = Debug|Any CPU
		{59784994-2BE9-42B2-9647-F8AAD20AB1A1}.Debug|Any CPU.Build.0 = Debug|Any CPU
		{59784994-2BE9-42B2-9647-F8AAD20AB1A1}.Release|Any CPU.ActiveCfg = Release|Any CPU
		{59784994-2BE9-42B2-9647-F8AAD20AB1A1}.Release|Any CPU.Build.0 = Release|Any CPU
	EndGlobalSection
	GlobalSection(SolutionProperties) = preSolution
		HideSolutionNode = FALSE
	EndGlobalSection
	GlobalSection(ExtensibilityGlobals) = postSolution
		SolutionGuid = {37D76818-1772-44DC-A410-1908B1927447}
	EndGlobalSection
EndGlobal
